{
  "name": "cleantext",
  "lockfileVersion": 3,
  "requires": true,
  "packages": {
    "": {
      "dependencies": {
        "@stripe/stripe-js": "^8.7.0"
      }
    },
    "node_modules/@stripe/stripe-js": {
      "version": "8.7.0",
      "resolved": "https://registry.npmjs.org/@stripe/stripe-js/-/stripe-js-8.7.0.tgz",
      "integrity": "sha512-tNUerSstwNC1KuHgX4CASGO0Md3CB26IJzSXmVlSuFvhsBP4ZaEPpY4jxWOn9tfdDscuVT4Kqb8cZ2o9nLCgRQ==",
      "license": "MIT",
      "engines": {
        "node": ">=12.16"
      }
    }
  }
}
